
Microsoft Visual Studio Solution File, Format Version 12.00
# Visual Studio Version 16
VisualStudioVersion = 16.0.28803.352
MinimumVisualStudioVersion = 10.0.40219.1
Project("{FAE04EC0-301F-11D3-BF4B-00C04F79EFBC}") = "PROG2_ExportarExcel", "PROG2_ExportarExcel\PROG2_ExportarExcel.csproj", "{7BBE659D-62DA-4EE4-B4EE-0A2F7429E73B}"
EndProject
Global
	GlobalSection(SolutionConfigurationPlatforms) = preSolution
		Debug|Any CPU = Debug|Any CPU
		Release|Any CPU = Release|Any CPU
	EndGlobalSection
	GlobalSection(ProjectConfigurationPlatforms) = postSolution
		{7BBE659D-62DA-4EE4-B4EE-0A2F7429E73B}.Debug|Any CPU.ActiveCfg = Debug|Any CPU
		{7BBE659D-62DA-4EE4-B4EE-0A2F7429E73B}.Debug|Any CPU.Build.0 = Debug|Any CPU
		{7BBE659D-62DA-4EE4-B4EE-0A2F7429E73B}.Release|Any CPU.ActiveCfg = Release|Any CPU
		{7BBE659D-62DA-4EE4-B4EE-0A2F7429E73B}.Release|Any CPU.Build.0 = Release|Any CPU
	EndGlobalSection
	GlobalSection(SolutionProperties) = preSolution
		HideSolutionNode = FALSE
	EndGlobalSection
	GlobalSection(ExtensibilityGlobals) = postSolution
		SolutionGuid = {75096ACB-D223-4E48-AB8A-8F3D7FFD3E39}
	EndGlobalSection
EndGlobal
